// !$*UTF8*$!
{
	archiveVersion = 1;
	classes = {
	};
	objectVersion = 50;
	objects = {

/* Begin PBXBuildFile section */
		180C24E723CB48B10032081B /* AppDelegate.swift in Sources */ = {isa = PBXBuildFile; fileRef = 180C24E623CB48B10032081B /* AppDelegate.swift */; };
		180C24E923CB48B10032081B /* SceneDelegate.swift in Sources */ = {isa = PBXBuildFile; fileRef = 180C24E823CB48B10032081B /* SceneDelegate.swift */; };
		180C24EB23CB48B10032081B /* ViewController.swift in Sources */ = {isa = PBXBuildFile; fileRef = 180C24EA23CB48B10032081B /* ViewController.swift */; };
		180C24EE23CB48B10032081B /* Main.storyboard in Resources */ = {isa = PBXBuildFile; fileRef = 180C24EC23CB48B10032081B /* Main.storyboard */; };
		180C24F023CB48B60032081B /* Assets.xcassets in Resources */ = {isa = PBXBuildFile; fileRef = 180C24EF23CB48B60032081B /* Assets.xcassets */; };
		180C24F323CB48B60032081B /* LaunchScreen.storyboard in Resources */ = {isa = PBXBuildFile; fileRef = 180C24F123CB48B60032081B /* LaunchScreen.storyboard */; };
		180C24FB23CB50100032081B /* PizzaAnnotation.swift in Sources */ = {isa = PBXBuildFile; fileRef = 180C24FA23CB50100032081B /* PizzaAnnotation.swift */; };
/* End PBXBuildFile section */

/* Begin PBXFileReference section */
		180C24E323CB48B10032081B /* Pizza Finder.app */ = {isa = PBXFileReference; explicitFileType = wrapper.application; includeInIndex = 0; path = "Pizza Finder.app"; sourceTree = BUILT_PRODUCTS_DIR; };
		180C24E623CB48B10032081B /* AppDelegate.swift */ = {isa = PBXFileReference; lastKnownFileType = sourcecode.swift; path = AppDelegate.swift; sourceTree = "<group>"; };
		180C24E823CB48B10032081B /* SceneDelegate.swift */ = {isa = PBXFileReference; lastKnownFileType = sourcecode.swift; path = SceneDelegate.swift; sourceTree = "<group>"; };
		180C24EA23CB48B10032081B /* ViewController.swift */ = {isa = PBXFileReference; lastKnownFileType = sourcecode.swift; path = ViewController.swift; sourceTree = "<group>"; };
		180C24ED23CB48B10032081B /* Base */ = {isa = PBXFileReference; lastKnownFileType = file.storyboard; name = Base; path = Base.lproj/Main.storyboard; sourceTree = "<group>"; };
		180C24EF23CB48B60032081B /* Assets.xcassets */ = {isa = PBXFileReference; lastKnownFileType = folder.assetcatalog; path = Assets.xcassets; sourceTree = "<group>"; };
		180C24F223CB48B60032081B /* Base */ = {isa = PBXFileReference; lastKnownFileType = file.storyboard; name = Base; path = Base.lproj/LaunchScreen.storyboard; sourceTree = "<group>"; };
		180C24F423CB48B60032081B /* Info.plist */ = {isa = PBXFileReference; lastKnownFileType = text.plist.xml; path = Info.plist; sourceTree = "<group>"; };
		180C24FA23CB50100032081B /* PizzaAnnotation.swift */ = {isa = PBXFileReference; lastKnownFileType = sourcecode.swift; path = PizzaAnnotation.swift; sourceTree = "<group>"; };
/* End PBXFileReference section */

/* Begin PBXFrameworksBuildPhase section */
		180C24E023CB48B10032081B /* Frameworks */ = {
			isa = PBXFrameworksBuildPhase;
			buildActionMask = 2147483647;
			files = (
			);
			runOnlyForDeploymentPostprocessing = 0;
		};
/* End PBXFrameworksBuildPhase section */

/* Begin PBXGroup section */
		180C24DA23CB48B10032081B = {
			isa = PBXGroup;
			children = (
				180C24E523CB48B10032081B /* PizzaFinder */,
				180C24E423CB48B10032081B /* Products */,
			);
			sourceTree = "<group>";
		};
		180C24E423CB48B10032081B /* Products */ = {
			isa = PBXGroup;
			children = (
				180C24E323CB48B10032081B /* Pizza Finder.app */,
			);
			name = Products;
			sourceTree = "<group>";
		};
		180C24E523CB48B10032081B /* PizzaFinder */ = {
			isa = PBXGroup;
			children = (
				180C24FA23CB50100032081B /* PizzaAnnotation.swift */,
				180C24E823CB48B10032081B /* SceneDelegate.swift */,
				180C24E623CB48B10032081B /* AppDelegate.swift */,
				180C24EA23CB48B10032081B /* ViewController.swift */,
				180C24EC23CB48B10032081B /* Main.storyboard */,
				180C24EF23CB48B60032081B /* Assets.xcassets */,
				180C24F123CB48B60032081B /* LaunchScreen.storyboard */,
				180C24F423CB48B60032081B /* Info.plist */,
			);
			path = PizzaFinder;
			sourceTree = "<group>";
		};
/* End PBXGroup section */

/* Begin PBXNativeTarget section */
		180C24E223CB48B10032081B /* PizzaFinder */ = {
			isa = PBXNativeTarget;
			buildConfigurationList = 180C24F723CB48B60032081B /* Build configuration list for PBXNativeTarget "PizzaFinder" */;
			buildPhases = (
				180C24DF23CB48B10032081B /* Sources */,
				180C24E023CB48B10032081B /* Frameworks */,
				180C24E123CB48B10032081B /* Resources */,
			);
			buildRules = (
			);
			dependencies = (
			);
			name = PizzaFinder;
			productName = PizzaFinder;
			productReference = 180C24E323CB48B10032081B /* Pizza Finder.app */;
			productType = "com.apple.product-type.application";
		};
/* End PBXNativeTarget section */

/* Begin PBXProject section */
		180C24DB23CB48B10032081B /* Project object */ = {
			isa = PBXProject;
			attributes = {
				LastSwiftUpdateCheck = 1130;
				LastUpgradeCheck = 1130;
				ORGANIZATIONNAME = "Rachel Saunders";
				TargetAttributes = {
					180C24E223CB48B10032081B = {
						CreatedOnToolsVersion = 11.3;
					};
				};
			};
			buildConfigurationList = 180C24DE23CB48B10032081B /* Build configuration list for PBXProject "PizzaFinder" */;
			compatibilityVersion = "Xcode 9.3";
			developmentRegion = en;
			hasScannedForEncodings = 0;
			knownRegions = (
				en,
				Base,
			);
			mainGroup = 180C24DA23CB48B10032081B;
			productRefGroup = 180C24E423CB48B10032081B /* Products */;
			projectDirPath = "";
			projectRoot = "";
			targets = (
				180C24E223CB48B10032081B /* PizzaFinder */,
			);
		};
/* End PBXProject section */

/* Begin PBXResourcesBuildPhase section */
		180C24E123CB48B10032081B /* Resources */ = {
			isa = PBXResourcesBuildPhase;
			buildActionMask = 2147483647;
			files = (
				180C24F323CB48B60032081B /* LaunchScreen.storyboard in Resources */,
				180C24F023CB48B60032081B /* Assets.xcassets in Resources */,
				180C24EE23CB48B10032081B /* Main.storyboard in Resources */,
			);
			runOnlyForDeploymentPostprocessing = 0;
		};
/* End PBXResourcesBuildPhase section */

/* Begin PBXSourcesBuildPhase section */
		180C24DF23CB48B10032081B /* Sources */ = {
			isa = PBXSourcesBuildPhase;
			buildActionMask = 2147483647;
			files = (
				180C24EB23CB48B10032081B /* ViewController.swift in Sources */,
				180C24FB23CB50100032081B /* PizzaAnnotation.swift in Sources */,
				180C24E723CB48B10032081B /* AppDelegate.swift in Sources */,
				180C24E923CB48B10032081B /* SceneDelegate.swift in Sources */,
			);
			runOnlyForDeploymentPostprocessing = 0;
		};
/* End PBXSourcesBuildPhase section */

/* Begin PBXVariantGroup section */
		180C24EC23CB48B10032081B /* Main.storyboard */ = {
			isa = PBXVariantGroup;
			children = (
				180C24ED23CB48B10032081B /* Base */,
			);
			name = Main.storyboard;
			sourceTree = "<group>";
		};
		180C24F123CB48B60032081B /* LaunchScreen.storyboard */ = {
			isa = PBXVariantGroup;
			children = (
				180C24F223CB48B60032081B /* Base */,
			);
			name = LaunchScreen.storyboard;
			sourceTree = "<group>";
		};
/* End PBXVariantGroup section */

/* Begin XCBuildConfiguration section */
		180C24F523CB48B60032081B /* Debug */ = {
			isa = XCBuildConfiguration;
			buildSettings = {
				ALWAYS_SEARCH_USER_PATHS = NO;
				CLANG_ANALYZER_NONNULL = YES;
				CLANG_ANALYZER_NUMBER_OBJECT_CONVERSION = YES_AGGRESSIVE;
				CLANG_CXX_LANGUAGE_STANDARD = "gnu++14";
				CLANG_CXX_LIBRARY = "libc++";
				CLANG_ENABLE_MODULES = YES;
				CLANG_ENABLE_OBJC_ARC = YES;
				CLANG_ENABLE_OBJC_WEAK = YES;
				CLANG_WARN_BLOCK_CAPTURE_AUTORELEASING = YES;
				CLANG_WARN_BOOL_CONVERSION = YES;
				CLANG_WARN_COMMA = YES;
				CLANG_WARN_CONSTANT_CONVERSION = YES;
				CLANG_WARN_DEPRECATED_OBJC_IMPLEMENTATIONS = YES;
				CLANG_WARN_DIRECT_OBJC_ISA_USAGE = YES_ERROR;
				CLANG_WARN_DOCUMENTATION_COMMENTS = YES;
				CLANG_WARN_EMPTY_BODY = YES;
				CLANG_WARN_ENUM_CONVERSION = YES;
				CLANG_WARN_INFINITE_RECURSION = YES;
				CLANG_WARN_INT_CONVERSION = YES;
				CLANG_WARN_NON_LITERAL_NULL_CONVERSION = YES;
				CLANG_WARN_OBJC_IMPLICIT_RETAIN_SELF = YES;
				CLANG_WARN_OBJC_LITERAL_CONVERSION = YES;
				CLANG_WARN_OBJC_ROOT_CLASS = YES_ERROR;
				CLANG_WARN_RANGE_LOOP_ANALYSIS = YES;
				CLANG_WARN_STRICT_PROTOTYPES = YES;
				CLANG_WARN_SUSPICIOUS_MOVE = YES;
				CLANG_WARN_UNGUARDED_AVAILABILITY = YES_AGGRESSIVE;
				CLANG_WARN_UNREACHABLE_CODE = YES;
				CLANG_WARN__DUPLICATE_METHOD_MATCH = YES;
				COPY_PHASE_STRIP = NO;
				DEBUG_INFORMATION_FORMAT = dwarf;
				ENABLE_STRICT_OBJC_MSGSEND = YES;
				ENABLE_TESTABILITY = YES;
				GCC_C_LANGUAGE_STANDARD = gnu11;
				GCC_DYNAMIC_NO_PIC = NO;
				GCC_NO_COMMON_BLOCKS = YES;
				GCC_OPTIMIZATION_LEVEL = 0;
				GCC_PREPROCESSOR_DEFINITIONS = (
					"DEBUG=1",
					"$(inherited)",
				);
				GCC_WARN_64_TO_32_BIT_CONVERSION = YES;
				GCC_WARN_ABOUT_RETURN_TYPE = YES_ERROR;
				GCC_WARN_UNDECLARED_SELECTOR = YES;
				GCC_WARN_UNINITIALIZED_AUTOS = YES_AGGRESSIVE;
				GCC_WARN_UNUSED_FUNCTION = YES;
				GCC_WARN_UNUSED_VARIABLE = YES;
				IPHONEOS_DEPLOYMENT_TARGET = 13.2;
				MTL_ENABLE_DEBUG_INFO = INCLUDE_SOURCE;
				MTL_FAST_MATH = YES;
				ONLY_ACTIVE_ARCH = YES;
				SDKROOT = iphoneos;
				SWIFT_ACTIVE_COMPILATION_CONDITIONS = DEBUG;
				SWIFT_OPTIMIZATION_LEVEL = "-Onone";
			};
			name = Debug;
		};
		180C24F623CB48B60032081B /* Release */ = {
			isa = XCBuildConfiguration;
			buildSettings = {
				ALWAYS_SEARCH_USER_PATHS = NO;
				CLANG_ANALYZER_NONNULL = YES;
				CLANG_ANALYZER_NUMBER_OBJECT_CONVERSION = YES_AGGRESSIVE;
				CLANG_CXX_LANGUAGE_STANDARD = "gnu++14";
				CLANG_CXX_LIBRARY = "libc++";
				CLANG_ENABLE_MODULES = YES;
				CLANG_ENABLE_OBJC_ARC = YES;
				CLANG_ENABLE_OBJC_WEAK = YES;
				CLANG_WARN_BLOCK_CAPTURE_AUTORELEASING = YES;
				CLANG_WARN_BOOL_CONVERSION = YES;
				CLANG_WARN_COMMA = YES;
				CLANG_WARN_CONSTANT_CONVERSION = YES;
				CLANG_WARN_DEPRECATED_OBJC_IMPLEMENTATIONS = YES;
				CLANG_WARN_DIRECT_OBJC_ISA_USAGE = YES_ERROR;
				CLANG_WARN_DOCUMENTATION_COMMENTS = YES;
				CLANG_WARN_EMPTY_BODY = YES;
				CLANG_WARN_ENUM_CONVERSION = YES;
				CLANG_WARN_INFINITE_RECURSION = YES;
				CLANG_WARN_INT_CONVERSION = YES;
				CLANG_WARN_NON_LITERAL_NULL_CONVERSION = YES;
				CLANG_WARN_OBJC_IMPLICIT_RETAIN_SELF = YES;
				CLANG_WARN_OBJC_LITERAL_CONVERSION = YES;
				CLANG_WARN_OBJC_ROOT_CLASS = YES_ERROR;
				CLANG_WARN_RANGE_LOOP_ANALYSIS = YES;
				CLANG_WARN_STRICT_PROTOTYPES = YES;
				CLANG_WARN_SUSPICIOUS_MOVE = YES;
				CLANG_WARN_UNGUARDED_AVAILABILITY = YES_AGGRESSIVE;
				CLANG_WARN_UNREACHABLE_CODE = YES;
				CLANG_WARN__DUPLICATE_METHOD_MATCH = YES;
				COPY_PHASE_STRIP = NO;
				DEBUG_INFORMATION_FORMAT = "dwarf-with-dsym";
				ENABLE_NS_ASSERTIONS = NO;
				ENABLE_STRICT_OBJC_MSGSEND = YES;
				GCC_C_LANGUAGE_STANDARD = gnu11;
				GCC_NO_COMMON_BLOCKS = YES;
				GCC_WARN_64_TO_32_BIT_CONVERSION = YES;
				GCC_WARN_ABOUT_RETURN_TYPE = YES_ERROR;
				GCC_WARN_UNDECLARED_SELECTOR = YES;
				GCC_WARN_UNINITIALIZED_AUTOS = YES_AGGRESSIVE;
				GCC_WARN_UNUSED_FUNCTION = YES;
				GCC_WARN_UNUSED_VARIABLE = YES;
				IPHONEOS_DEPLOYMENT_TARGET = 13.2;
				MTL_ENABLE_DEBUG_INFO = NO;
				MTL_FAST_MATH = YES;
				SDKROOT = iphoneos;
				SWIFT_COMPILATION_MODE = wholemodule;
				SWIFT_OPTIMIZATION_LEVEL = "-O";
				VALIDATE_PRODUCT = YES;
			};
			name = Release;
		};
		180C24F823CB48B60032081B /* Debug */ = {
			isa = XCBuildConfiguration;
			buildSettings = {
				ASSETCATALOG_COMPILER_APPICON_NAME = AppIcon;
				CODE_SIGN_STYLE = Automatic;
				DEVELOPMENT_TEAM = CFMS5Y826S;
				INFOPLIST_FILE = PizzaFinder/Info.plist;
				LD_RUNPATH_SEARCH_PATHS = (
					"$(inherited)",
					"@executable_path/Frameworks",
				);
				PRODUCT_BUNDLE_IDENTIFIER = com.rachelsaunders.PizzaFinder;
				PRODUCT_NAME = "Pizza Finder";
				SWIFT_VERSION = 5.0;
				TARGETED_DEVICE_FAMILY = "1,2";
			};
			name = Debug;
		};
		180C24F923CB48B60032081B /* Release */ = {
			isa = XCBuildConfiguration;
			buildSettings = {
				ASSETCATALOG_COMPILER_APPICON_NAME = AppIcon;
				CODE_SIGN_STYLE = Automatic;
				DEVELOPMENT_TEAM = CFMS5Y826S;
				INFOPLIST_FILE = PizzaFinder/Info.plist;
				LD_RUNPATH_SEARCH_PATHS = (
					"$(inherited)",
					"@executable_path/Frameworks",
				);
				PRODUCT_BUNDLE_IDENTIFIER = com.rachelsaunders.PizzaFinder;
				PRODUCT_NAME = "Pizza Finder";
				SWIFT_VERSION = 5.0;
				TARGETED_DEVICE_FAMILY = "1,2";
			};
			name = Release;
		};
/* End XCBuildConfiguration section */

/* Begin XCConfigurationList section */
		180C24DE23CB48B10032081B /* Build configuration list for PBXProject "PizzaFinder" */ = {
			isa = XCConfigurationList;
			buildConfigurations = (
				180C24F523CB48B60032081B /* Debug */,
				180C24F623CB48B60032081B /* Release */,
			);
			defaultConfigurationIsVisible = 0;
			defaultConfigurationName = Release;
		};
		180C24F723CB48B60032081B /* Build configuration list for PBXNativeTarget "PizzaFinder" */ = {
			isa = XCConfigurationList;
			buildConfigurations = (
				180C24F823CB48B60032081B /* Debug */,
				180C24F923CB48B60032081B /* Release */,
			);
			defaultConfigurationIsVisible = 0;
			defaultConfigurationName = Release;
		};
/* End XCConfigurationList section */
	};
	rootObject = 180C24DB23CB48B10032081B /* Project object */;
}
